// !$*UTF8*$!
{
	archiveVersion = 1;
	classes = {
	};
	objectVersion = 48;
	objects = {

/* Begin PBXBuildFile section */
		7E671E98202AE25D00A6E59E /* AppDelegate.swift in Sources */ = {isa = PBXBuildFile; fileRef = 7E671E97202AE25D00A6E59E /* AppDelegate.swift */; };
		7E671E9A202AE25D00A6E59E /* ViewController.swift in Sources */ = {isa = PBXBuildFile; fileRef = 7E671E99202AE25D00A6E59E /* ViewController.swift */; };
		7E671E9D202AE25D00A6E59E /* Main.storyboard in Resources */ = {isa = PBXBuildFile; fileRef = 7E671E9B202AE25D00A6E59E /* Main.storyboard */; };
		7E671E9F202AE25D00A6E59E /* Assets.xcassets in Resources */ = {isa = PBXBuildFile; fileRef = 7E671E9E202AE25D00A6E59E /* Assets.xcassets */; };
		7E671EA2202AE25D00A6E59E /* LaunchScreen.storyboard in Resources */ = {isa = PBXBuildFile; fileRef = 7E671EA0202AE25D00A6E59E /* LaunchScreen.storyboard */; };
		7E671EAA202AE27200A6E59E /* CustomSwitch.swift in Sources */ = {isa = PBXBuildFile; fileRef = 7E671EA9202AE27200A6E59E /* CustomSwitch.swift */; };
		7E671EAD202D972700A6E59E /* SwitchViewController.swift in Sources */ = {isa = PBXBuildFile; fileRef = 7E671EAC202D972700A6E59E /* SwitchViewController.swift */; };
/* End PBXBuildFile section */

/* Begin PBXFileReference section */
		7E671E94202AE25D00A6E59E /* CustomSwitch.app */ = {isa = PBXFileReference; explicitFileType = wrapper.application; includeInIndex = 0; path = CustomSwitch.app; sourceTree = BUILT_PRODUCTS_DIR; };
		7E671E97202AE25D00A6E59E /* AppDelegate.swift */ = {isa = PBXFileReference; lastKnownFileType = sourcecode.swift; path = AppDelegate.swift; sourceTree = "<group>"; };
		7E671E99202AE25D00A6E59E /* ViewController.swift */ = {isa = PBXFileReference; lastKnownFileType = sourcecode.swift; path = ViewController.swift; sourceTree = "<group>"; };
		7E671E9C202AE25D00A6E59E /* Base */ = {isa = PBXFileReference; lastKnownFileType = file.storyboard; name = Base; path = Base.lproj/Main.storyboard; sourceTree = "<group>"; };
		7E671E9E202AE25D00A6E59E /* Assets.xcassets */ = {isa = PBXFileReference; lastKnownFileType = folder.assetcatalog; path = Assets.xcassets; sourceTree = "<group>"; };
		7E671EA1202AE25D00A6E59E /* Base */ = {isa = PBXFileReference; lastKnownFileType = file.storyboard; name = Base; path = Base.lproj/LaunchScreen.storyboard; sourceTree = "<group>"; };
		7E671EA3202AE25D00A6E59E /* Info.plist */ = {isa = PBXFileReference; lastKnownFileType = text.plist.xml; path = Info.plist; sourceTree = "<group>"; };
		7E671EA9202AE27200A6E59E /* CustomSwitch.swift */ = {isa = PBXFileReference; lastKnownFileType = sourcecode.swift; path = CustomSwitch.swift; sourceTree = "<group>"; };
		7E671EAC202D972700A6E59E /* SwitchViewController.swift */ = {isa = PBXFileReference; lastKnownFileType = sourcecode.swift; path = SwitchViewController.swift; sourceTree = "<group>"; };
		7E671EAE202D979600A6E59E /* README.md */ = {isa = PBXFileReference; lastKnownFileType = net.daringfireball.markdown; path = README.md; sourceTree = "<group>"; };
/* End PBXFileReference section */

/* Begin PBXFrameworksBuildPhase section */
		7E671E91202AE25D00A6E59E /* Frameworks */ = {
			isa = PBXFrameworksBuildPhase;
			buildActionMask = 2147483647;
			files = (
			);
			runOnlyForDeploymentPostprocessing = 0;
		};
/* End PBXFrameworksBuildPhase section */

/* Begin PBXGroup section */
		7E671E8B202AE25D00A6E59E = {
			isa = PBXGroup;
			children = (
				7E671EAE202D979600A6E59E /* README.md */,
				7E671E96202AE25D00A6E59E /* CustomSwitch */,
				7E671E95202AE25D00A6E59E /* Products */,
			);
			sourceTree = "<group>";
		};
		7E671E95202AE25D00A6E59E /* Products */ = {
			isa = PBXGroup;
			children = (
				7E671E94202AE25D00A6E59E /* CustomSwitch.app */,
			);
			name = Products;
			sourceTree = "<group>";
		};
		7E671E96202AE25D00A6E59E /* CustomSwitch */ = {
			isa = PBXGroup;
			children = (
				7E671EAB202D96F200A6E59E /* Example */,
				7E671EA9202AE27200A6E59E /* CustomSwitch.swift */,
			);
			path = CustomSwitch;
			sourceTree = "<group>";
		};
		7E671EAB202D96F200A6E59E /* Example */ = {
			isa = PBXGroup;
			children = (
				7E671E97202AE25D00A6E59E /* AppDelegate.swift */,
				7E671E99202AE25D00A6E59E /* ViewController.swift */,
				7E671EAC202D972700A6E59E /* SwitchViewController.swift */,
				7E671E9B202AE25D00A6E59E /* Main.storyboard */,
				7E671E9E202AE25D00A6E59E /* Assets.xcassets */,
				7E671EA0202AE25D00A6E59E /* LaunchScreen.storyboard */,
				7E671EA3202AE25D00A6E59E /* Info.plist */,
			);
			path = Example;
			sourceTree = "<group>";
		};
/* End PBXGroup section */

/* Begin PBXNativeTarget section */
		7E671E93202AE25D00A6E59E /* CustomSwitch */ = {
			isa = PBXNativeTarget;
			buildConfigurationList = 7E671EA6202AE25D00A6E59E /* Build configuration list for PBXNativeTarget "CustomSwitch" */;
			buildPhases = (
				7E671E90202AE25D00A6E59E /* Sources */,
				7E671E91202AE25D00A6E59E /* Frameworks */,
				7E671E92202AE25D00A6E59E /* Resources */,
			);
			buildRules = (
			);
			dependencies = (
			);
			name = CustomSwitch;
			productName = CustomSwitch;
			productReference = 7E671E94202AE25D00A6E59E /* CustomSwitch.app */;
			productType = "com.apple.product-type.application";
		};
/* End PBXNativeTarget section */

/* Begin PBXProject section */
		7E671E8C202AE25D00A6E59E /* Project object */ = {
			isa = PBXProject;
			attributes = {
				LastSwiftUpdateCheck = 0910;
				LastUpgradeCheck = 0910;
				ORGANIZATIONNAME = gaussbeam;
				TargetAttributes = {
					7E671E93202AE25D00A6E59E = {
						CreatedOnToolsVersion = 9.1;
						ProvisioningStyle = Automatic;
					};
				};
			};
			buildConfigurationList = 7E671E8F202AE25D00A6E59E /* Build configuration list for PBXProject "CustomSwitch" */;
			compatibilityVersion = "Xcode 8.0";
			developmentRegion = en;
			hasScannedForEncodings = 0;
			knownRegions = (
				en,
				Base,
			);
			mainGroup = 7E671E8B202AE25D00A6E59E;
			productRefGroup = 7E671E95202AE25D00A6E59E /* Products */;
			projectDirPath = "";
			projectRoot = "";
			targets = (
				7E671E93202AE25D00A6E59E /* CustomSwitch */,
			);
		};
/* End PBXProject section */

/* Begin PBXResourcesBuildPhase section */
		7E671E92202AE25D00A6E59E /* Resources */ = {
			isa = PBXResourcesBuildPhase;
			buildActionMask = 2147483647;
			files = (
				7E671EA2202AE25D00A6E59E /* LaunchScreen.storyboard in Resources */,
				7E671E9F202AE25D00A6E59E /* Assets.xcassets in Resources */,
				7E671E9D202AE25D00A6E59E /* Main.storyboard in Resources */,
			);
			runOnlyForDeploymentPostprocessing = 0;
		};
/* End PBXResourcesBuildPhase section */

/* Begin PBXSourcesBuildPhase section */
		7E671E90202AE25D00A6E59E /* Sources */ = {
			isa = PBXSourcesBuildPhase;
			buildActionMask = 2147483647;
			files = (
				7E671E9A202AE25D00A6E59E /* ViewController.swift in Sources */,
				7E671E98202AE25D00A6E59E /* AppDelegate.swift in Sources */,
				7E671EAD202D972700A6E59E /* SwitchViewController.swift in Sources */,
				7E671EAA202AE27200A6E59E /* CustomSwitch.swift in Sources */,
			);
			runOnlyForDeploymentPostprocessing = 0;
		};
/* End PBXSourcesBuildPhase section */

/* Begin PBXVariantGroup section */
		7E671E9B202AE25D00A6E59E /* Main.storyboard */ = {
			isa = PBXVariantGroup;
			children = (
				7E671E9C202AE25D00A6E59E /* Base */,
			);
			name = Main.storyboard;
			sourceTree = "<group>";
		};
		7E671EA0202AE25D00A6E59E /* LaunchScreen.storyboard */ = {
			isa = PBXVariantGroup;
			children = (
				7E671EA1202AE25D00A6E59E /* Base */,
			);
			name = LaunchScreen.storyboard;
			sourceTree = "<group>";
		};
/* End PBXVariantGroup section */

/* Begin XCBuildConfiguration section */
		7E671EA4202AE25D00A6E59E /* Debug */ = {
			isa = XCBuildConfiguration;
			buildSettings = {
				ALWAYS_SEARCH_USER_PATHS = NO;
				CLANG_ANALYZER_NONNULL = YES;
				CLANG_ANALYZER_NUMBER_OBJECT_CONVERSION = YES_AGGRESSIVE;
				CLANG_CXX_LANGUAGE_STANDARD = "gnu++14";
				CLANG_CXX_LIBRARY = "libc++";
				CLANG_ENABLE_MODULES = YES;
				CLANG_ENABLE_OBJC_ARC = YES;
				CLANG_WARN_BLOCK_CAPTURE_AUTORELEASING = YES;
				CLANG_WARN_BOOL_CONVERSION = YES;
				CLANG_WARN_COMMA = YES;
				CLANG_WARN_CONSTANT_CONVERSION = YES;
				CLANG_WARN_DIRECT_OBJC_ISA_USAGE = YES_ERROR;
				CLANG_WARN_DOCUMENTATION_COMMENTS = YES;
				CLANG_WARN_EMPTY_BODY = YES;
				CLANG_WARN_ENUM_CONVERSION = YES;
				CLANG_WARN_INFINITE_RECURSION = YES;
				CLANG_WARN_INT_CONVERSION = YES;
				CLANG_WARN_NON_LITERAL_NULL_CONVERSION = YES;
				CLANG_WARN_OBJC_LITERAL_CONVERSION = YES;
				CLANG_WARN_OBJC_ROOT_CLASS = YES_ERROR;
				CLANG_WARN_RANGE_LOOP_ANALYSIS = YES;
				CLANG_WARN_STRICT_PROTOTYPES = YES;
				CLANG_WARN_SUSPICIOUS_MOVE = YES;
				CLANG_WARN_UNGUARDED_AVAILABILITY = YES_AGGRESSIVE;
				CLANG_WARN_UNREACHABLE_CODE = YES;
				CLANG_WARN__DUPLICATE_METHOD_MATCH = YES;
				CODE_SIGN_IDENTITY = "iPhone Developer";
				COPY_PHASE_STRIP = NO;
				DEBUG_INFORMATION_FORMAT = dwarf;
				ENABLE_STRICT_OBJC_MSGSEND = YES;
				ENABLE_TESTABILITY = YES;
				GCC_C_LANGUAGE_STANDARD = gnu11;
				GCC_DYNAMIC_NO_PIC = NO;
				GCC_NO_COMMON_BLOCKS = YES;
				GCC_OPTIMIZATION_LEVEL = 0;
				GCC_PREPROCESSOR_DEFINITIONS = (
					"DEBUG=1",
					"$(inherited)",
				);
				GCC_WARN_64_TO_32_BIT_CONVERSION = YES;
				GCC_WARN_ABOUT_RETURN_TYPE = YES_ERROR;
				GCC_WARN_UNDECLARED_SELECTOR = YES;
				GCC_WARN_UNINITIALIZED_AUTOS = YES_AGGRESSIVE;
				GCC_WARN_UNUSED_FUNCTION = YES;
				GCC_WARN_UNUSED_VARIABLE = YES;
				IPHONEOS_DEPLOYMENT_TARGET = 11.1;
				MTL_ENABLE_DEBUG_INFO = YES;
				ONLY_ACTIVE_ARCH = YES;
				SDKROOT = iphoneos;
				SWIFT_ACTIVE_COMPILATION_CONDITIONS = DEBUG;
				SWIFT_OPTIMIZATION_LEVEL = "-Onone";
			};
			name = Debug;
		};
		7E671EA5202AE25D00A6E59E /* Release */ = {
			isa = XCBuildConfiguration;
			buildSettings = {
				ALWAYS_SEARCH_USER_PATHS = NO;
				CLANG_ANALYZER_NONNULL = YES;
				CLANG_ANALYZER_NUMBER_OBJECT_CONVERSION = YES_AGGRESSIVE;
				CLANG_CXX_LANGUAGE_STANDARD = "gnu++14";
				CLANG_CXX_LIBRARY = "libc++";
				CLANG_ENABLE_MODULES = YES;
				CLANG_ENABLE_OBJC_ARC = YES;
				CLANG_WARN_BLOCK_CAPTURE_AUTORELEASING = YES;
				CLANG_WARN_BOOL_CONVERSION = YES;
				CLANG_WARN_COMMA = YES;
				CLANG_WARN_CONSTANT_CONVERSION = YES;
				CLANG_WARN_DIRECT_OBJC_ISA_USAGE = YES_ERROR;
				CLANG_WARN_DOCUMENTATION_COMMENTS = YES;
				CLANG_WARN_EMPTY_BODY = YES;
				CLANG_WARN_ENUM_CONVERSION = YES;
				CLANG_WARN_INFINITE_RECURSION = YES;
				CLANG_WARN_INT_CONVERSION = YES;
				CLANG_WARN_NON_LITERAL_NULL_CONVERSION = YES;
				CLANG_WARN_OBJC_LITERAL_CONVERSION = YES;
				CLANG_WARN_OBJC_ROOT_CLASS = YES_ERROR;
				CLANG_WARN_RANGE_LOOP_ANALYSIS = YES;
				CLANG_WARN_STRICT_PROTOTYPES = YES;
				CLANG_WARN_SUSPICIOUS_MOVE = YES;
				CLANG_WARN_UNGUARDED_AVAILABILITY = YES_AGGRESSIVE;
				CLANG_WARN_UNREACHABLE_CODE = YES;
				CLANG_WARN__DUPLICATE_METHOD_MATCH = YES;
				CODE_SIGN_IDENTITY = "iPhone Developer";
				COPY_PHASE_STRIP = NO;
				DEBUG_INFORMATION_FORMAT = "dwarf-with-dsym";
				ENABLE_NS_ASSERTIONS = NO;
				ENABLE_STRICT_OBJC_MSGSEND = YES;
				GCC_C_LANGUAGE_STANDARD = gnu11;
				GCC_NO_COMMON_BLOCKS = YES;
				GCC_WARN_64_TO_32_BIT_CONVERSION = YES;
				GCC_WARN_ABOUT_RETURN_TYPE = YES_ERROR;
				GCC_WARN_UNDECLARED_SELECTOR = YES;
				GCC_WARN_UNINITIALIZED_AUTOS = YES_AGGRESSIVE;
				GCC_WARN_UNUSED_FUNCTION = YES;
				GCC_WARN_UNUSED_VARIABLE = YES;
				IPHONEOS_DEPLOYMENT_TARGET = 11.1;
				MTL_ENABLE_DEBUG_INFO = NO;
				SDKROOT = iphoneos;
				SWIFT_OPTIMIZATION_LEVEL = "-Owholemodule";
				VALIDATE_PRODUCT = YES;
			};
			name = Release;
		};
		7E671EA7202AE25D00A6E59E /* Debug */ = {
			isa = XCBuildConfiguration;
			buildSettings = {
				ASSETCATALOG_COMPILER_APPICON_NAME = AppIcon;
				CODE_SIGN_STYLE = Automatic;
				INFOPLIST_FILE = CustomSwitch/Example/Info.plist;
				LD_RUNPATH_SEARCH_PATHS = "$(inherited) @executable_path/Frameworks";
				PRODUCT_BUNDLE_IDENTIFIER = org.gaussbeam.CustomSwitch;
				PRODUCT_NAME = "$(TARGET_NAME)";
				SWIFT_VERSION = 4.0;
				TARGETED_DEVICE_FAMILY = "1,2";
			};
			name = Debug;
		};
		7E671EA8202AE25D00A6E59E /* Release */ = {
			isa = XCBuildConfiguration;
			buildSettings = {
				ASSETCATALOG_COMPILER_APPICON_NAME = AppIcon;
				CODE_SIGN_STYLE = Automatic;
				INFOPLIST_FILE = CustomSwitch/Example/Info.plist;
				LD_RUNPATH_SEARCH_PATHS = "$(inherited) @executable_path/Frameworks";
				PRODUCT_BUNDLE_IDENTIFIER = org.gaussbeam.CustomSwitch;
				PRODUCT_NAME = "$(TARGET_NAME)";
				SWIFT_VERSION = 4.0;
				TARGETED_DEVICE_FAMILY = "1,2";
			};
			name = Release;
		};
/* End XCBuildConfiguration section */

/* Begin XCConfigurationList section */
		7E671E8F202AE25D00A6E59E /* Build configuration list for PBXProject "CustomSwitch" */ = {
			isa = XCConfigurationList;
			buildConfigurations = (
				7E671EA4202AE25D00A6E59E /* Debug */,
				7E671EA5202AE25D00A6E59E /* Release */,
			);
			defaultConfigurationIsVisible = 0;
			defaultConfigurationName = Release;
		};
		7E671EA6202AE25D00A6E59E /* Build configuration list for PBXNativeTarget "CustomSwitch" */ = {
			isa = XCConfigurationList;
			buildConfigurations = (
				7E671EA7202AE25D00A6E59E /* Debug */,
				7E671EA8202AE25D00A6E59E /* Release */,
			);
			defaultConfigurationIsVisible = 0;
			defaultConfigurationName = Release;
		};
/* End XCConfigurationList section */
	};
	rootObject = 7E671E8C202AE25D00A6E59E /* Project object */;
}
